
Microsoft Visual Studio Solution File, Format Version 12.00
# Visual Studio 15
VisualStudioVersion = 15.0.27428.2027
MinimumVisualStudioVersion = 10.0.40219.1
Project("{FAE04EC0-301F-11D3-BF4B-00C04F79EFBC}") = "FinancialCalculator", "FinancialCalculator\FinancialCalculator.csproj", "{0520993C-0AB4-488B-8B05-3791B1013865}"
EndProject
Project("{FAE04EC0-301F-11D3-BF4B-00C04F79EFBC}") = "References", "References\References.csproj", "{392D1414-6604-44B3-A8C1-A606F939D759}"
EndProject
Global
	GlobalSection(SolutionConfigurationPlatforms) = preSolution
		Debug|Any CPU = Debug|Any CPU
		Release|Any CPU = Release|Any CPU
	EndGlobalSection
	GlobalSection(ProjectConfigurationPlatforms) = postSolution
		{0520993C-0AB4-488B-8B05-3791B1013865}.Debug|Any CPU.ActiveCfg = Debug|Any CPU
		{0520993C-0AB4-488B-8B05-3791B1013865}.Debug|Any CPU.Build.0 = Debug|Any CPU
		{0520993C-0AB4-488B-8B05-3791B1013865}.Release|Any CPU.ActiveCfg = Release|Any CPU
		{0520993C-0AB4-488B-8B05-3791B1013865}.Release|Any CPU.Build.0 = Release|Any CPU
		{392D1414-6604-44B3-A8C1-A606F939D759}.Debug|Any CPU.ActiveCfg = Debug|Any CPU
		{392D1414-6604-44B3-A8C1-A606F939D759}.Debug|Any CPU.Build.0 = Debug|Any CPU
		{392D1414-6604-44B3-A8C1-A606F939D759}.Release|Any CPU.ActiveCfg = Release|Any CPU
		{392D1414-6604-44B3-A8C1-A606F939D759}.Release|Any CPU.Build.0 = Release|Any CPU
	EndGlobalSection
	GlobalSection(SolutionProperties) = preSolution
		HideSolutionNode = FALSE
	EndGlobalSection
	GlobalSection(ExtensibilityGlobals) = postSolution
		SolutionGuid = {5BA7BEA9-C560-4619-B3B8-946472E70149}
	EndGlobalSection
EndGlobal
